// !$*UTF8*$!
{
	archiveVersion = 1;
	classes = {
	};
	objectVersion = 46;
	objects = {

/* Begin PBXBuildFile section */
		AD8814681960EEBF005F2E41 /* AppDelegate.swift in Sources */ = {isa = PBXBuildFile; fileRef = AD8814671960EEBF005F2E41 /* AppDelegate.swift */; };
		AD88146B1960EEBF005F2E41 /* iOSSwiftOpenGL.xcdatamodeld in Sources */ = {isa = PBXBuildFile; fileRef = AD8814691960EEBF005F2E41 /* iOSSwiftOpenGL.xcdatamodeld */; };
		AD88146D1960EEBF005F2E41 /* ViewController.swift in Sources */ = {isa = PBXBuildFile; fileRef = AD88146C1960EEBF005F2E41 /* ViewController.swift */; };
		AD8814701960EEBF005F2E41 /* Main.storyboard in Resources */ = {isa = PBXBuildFile; fileRef = AD88146E1960EEBF005F2E41 /* Main.storyboard */; };
		AD8814721960EEBF005F2E41 /* Images.xcassets in Resources */ = {isa = PBXBuildFile; fileRef = AD8814711960EEBF005F2E41 /* Images.xcassets */; };
		AD88147E1960EEBF005F2E41 /* iOSSwiftOpenGLTests.swift in Sources */ = {isa = PBXBuildFile; fileRef = AD88147D1960EEBF005F2E41 /* iOSSwiftOpenGLTests.swift */; };
		AD88148A1960EF38005F2E41 /* OpenGLES.framework in Frameworks */ = {isa = PBXBuildFile; fileRef = AD8814891960EF38005F2E41 /* OpenGLES.framework */; };
		AD88148C1960EFBA005F2E41 /* SimpleVertex.glsl in Resources */ = {isa = PBXBuildFile; fileRef = AD88148B1960EFBA005F2E41 /* SimpleVertex.glsl */; };
		AD88148E1960EFCE005F2E41 /* SimpleFragment.glsl in Resources */ = {isa = PBXBuildFile; fileRef = AD88148D1960EFCE005F2E41 /* SimpleFragment.glsl */; };
		AD8814901960F047005F2E41 /* Images.xcassets in Sources */ = {isa = PBXBuildFile; fileRef = AD8814711960EEBF005F2E41 /* Images.xcassets */; };
		AD8814911960F27B005F2E41 /* OpenGLView.swift in Sources */ = {isa = PBXBuildFile; fileRef = AD8814871960EEDA005F2E41 /* OpenGLView.swift */; };
/* End PBXBuildFile section */

/* Begin PBXContainerItemProxy section */
		AD8814781960EEBF005F2E41 /* PBXContainerItemProxy */ = {
			isa = PBXContainerItemProxy;
			containerPortal = AD88145A1960EEBF005F2E41 /* Project object */;
			proxyType = 1;
			remoteGlobalIDString = AD8814611960EEBF005F2E41;
			remoteInfo = iOSSwiftOpenGL;
		};
/* End PBXContainerItemProxy section */

/* Begin PBXFileReference section */
		AD8814621960EEBF005F2E41 /* iOSSwiftOpenGL.app */ = {isa = PBXFileReference; explicitFileType = wrapper.application; includeInIndex = 0; path = iOSSwiftOpenGL.app; sourceTree = BUILT_PRODUCTS_DIR; };
		AD8814661960EEBF005F2E41 /* Info.plist */ = {isa = PBXFileReference; lastKnownFileType = text.plist.xml; path = Info.plist; sourceTree = "<group>"; };
		AD8814671960EEBF005F2E41 /* AppDelegate.swift */ = {isa = PBXFileReference; lastKnownFileType = sourcecode.swift; path = AppDelegate.swift; sourceTree = "<group>"; };
		AD88146A1960EEBF005F2E41 /* iOSSwiftOpenGL.xcdatamodel */ = {isa = PBXFileReference; lastKnownFileType = wrapper.xcdatamodel; path = iOSSwiftOpenGL.xcdatamodel; sourceTree = "<group>"; };
		AD88146C1960EEBF005F2E41 /* ViewController.swift */ = {isa = PBXFileReference; lastKnownFileType = sourcecode.swift; path = ViewController.swift; sourceTree = "<group>"; };
		AD88146F1960EEBF005F2E41 /* Base */ = {isa = PBXFileReference; lastKnownFileType = file.storyboard; name = Base; path = Base.lproj/Main.storyboard; sourceTree = "<group>"; };
		AD8814711960EEBF005F2E41 /* Images.xcassets */ = {isa = PBXFileReference; lastKnownFileType = folder.assetcatalog; path = Images.xcassets; sourceTree = "<group>"; };
		AD8814771960EEBF005F2E41 /* iOSSwiftOpenGLTests.xctest */ = {isa = PBXFileReference; explicitFileType = wrapper.cfbundle; includeInIndex = 0; path = iOSSwiftOpenGLTests.xctest; sourceTree = BUILT_PRODUCTS_DIR; };
		AD88147C1960EEBF005F2E41 /* Info.plist */ = {isa = PBXFileReference; lastKnownFileType = text.plist.xml; path = Info.plist; sourceTree = "<group>"; };
		AD88147D1960EEBF005F2E41 /* iOSSwiftOpenGLTests.swift */ = {isa = PBXFileReference; lastKnownFileType = sourcecode.swift; path = iOSSwiftOpenGLTests.swift; sourceTree = "<group>"; };
		AD8814871960EEDA005F2E41 /* OpenGLView.swift */ = {isa = PBXFileReference; fileEncoding = 4; lastKnownFileType = sourcecode.swift; path = OpenGLView.swift; sourceTree = "<group>"; };
		AD8814891960EF38005F2E41 /* OpenGLES.framework */ = {isa = PBXFileReference; lastKnownFileType = wrapper.framework; name = OpenGLES.framework; path = System/Library/Frameworks/OpenGLES.framework; sourceTree = SDKROOT; };
		AD88148B1960EFBA005F2E41 /* SimpleVertex.glsl */ = {isa = PBXFileReference; fileEncoding = 4; lastKnownFileType = text; name = SimpleVertex.glsl; path = ../SimpleVertex.glsl; sourceTree = "<group>"; };
		AD88148D1960EFCE005F2E41 /* SimpleFragment.glsl */ = {isa = PBXFileReference; fileEncoding = 4; lastKnownFileType = text; name = SimpleFragment.glsl; path = ../SimpleFragment.glsl; sourceTree = "<group>"; };
/* End PBXFileReference section */

/* Begin PBXFrameworksBuildPhase section */
		AD88145F1960EEBF005F2E41 /* Frameworks */ = {
			isa = PBXFrameworksBuildPhase;
			buildActionMask = 2147483647;
			files = (
				AD88148A1960EF38005F2E41 /* OpenGLES.framework in Frameworks */,
			);
			runOnlyForDeploymentPostprocessing = 0;
		};
		AD8814741960EEBF005F2E41 /* Frameworks */ = {
			isa = PBXFrameworksBuildPhase;
			buildActionMask = 2147483647;
			files = (
			);
			runOnlyForDeploymentPostprocessing = 0;
		};
/* End PBXFrameworksBuildPhase section */

/* Begin PBXGroup section */
		AD8814591960EEBF005F2E41 = {
			isa = PBXGroup;
			children = (
				AD8814891960EF38005F2E41 /* OpenGLES.framework */,
				AD8814641960EEBF005F2E41 /* iOSSwiftOpenGL */,
				AD88147A1960EEBF005F2E41 /* iOSSwiftOpenGLTests */,
				AD8814631960EEBF005F2E41 /* Products */,
			);
			sourceTree = "<group>";
		};
		AD8814631960EEBF005F2E41 /* Products */ = {
			isa = PBXGroup;
			children = (
				AD8814621960EEBF005F2E41 /* iOSSwiftOpenGL.app */,
				AD8814771960EEBF005F2E41 /* iOSSwiftOpenGLTests.xctest */,
			);
			name = Products;
			sourceTree = "<group>";
		};
		AD8814641960EEBF005F2E41 /* iOSSwiftOpenGL */ = {
			isa = PBXGroup;
			children = (
				AD8814671960EEBF005F2E41 /* AppDelegate.swift */,
				AD88146C1960EEBF005F2E41 /* ViewController.swift */,
				AD8814871960EEDA005F2E41 /* OpenGLView.swift */,
				AD8814651960EEBF005F2E41 /* Supporting Files */,
			);
			path = iOSSwiftOpenGL;
			sourceTree = "<group>";
		};
		AD8814651960EEBF005F2E41 /* Supporting Files */ = {
			isa = PBXGroup;
			children = (
				AD88146E1960EEBF005F2E41 /* Main.storyboard */,
				AD88148B1960EFBA005F2E41 /* SimpleVertex.glsl */,
				AD88148D1960EFCE005F2E41 /* SimpleFragment.glsl */,
				AD8814711960EEBF005F2E41 /* Images.xcassets */,
				AD8814691960EEBF005F2E41 /* iOSSwiftOpenGL.xcdatamodeld */,
				AD8814661960EEBF005F2E41 /* Info.plist */,
			);
			name = "Supporting Files";
			sourceTree = "<group>";
		};
		AD88147A1960EEBF005F2E41 /* iOSSwiftOpenGLTests */ = {
			isa = PBXGroup;
			children = (
				AD88147D1960EEBF005F2E41 /* iOSSwiftOpenGLTests.swift */,
				AD88147B1960EEBF005F2E41 /* Supporting Files */,
			);
			path = iOSSwiftOpenGLTests;
			sourceTree = "<group>";
		};
		AD88147B1960EEBF005F2E41 /* Supporting Files */ = {
			isa = PBXGroup;
			children = (
				AD88147C1960EEBF005F2E41 /* Info.plist */,
			);
			name = "Supporting Files";
			sourceTree = "<group>";
		};
/* End PBXGroup section */

/* Begin PBXNativeTarget section */
		AD8814611960EEBF005F2E41 /* iOSSwiftOpenGL */ = {
			isa = PBXNativeTarget;
			buildConfigurationList = AD8814811960EEBF005F2E41 /* Build configuration list for PBXNativeTarget "iOSSwiftOpenGL" */;
			buildPhases = (
				AD88145E1960EEBF005F2E41 /* Sources */,
				AD88145F1960EEBF005F2E41 /* Frameworks */,
				AD8814601960EEBF005F2E41 /* Resources */,
			);
			buildRules = (
			);
			dependencies = (
			);
			name = iOSSwiftOpenGL;
			productName = iOSSwiftOpenGL;
			productReference = AD8814621960EEBF005F2E41 /* iOSSwiftOpenGL.app */;
			productType = "com.apple.product-type.application";
		};
		AD8814761960EEBF005F2E41 /* iOSSwiftOpenGLTests */ = {
			isa = PBXNativeTarget;
			buildConfigurationList = AD8814841960EEBF005F2E41 /* Build configuration list for PBXNativeTarget "iOSSwiftOpenGLTests" */;
			buildPhases = (
				AD8814731960EEBF005F2E41 /* Sources */,
				AD8814741960EEBF005F2E41 /* Frameworks */,
				AD8814751960EEBF005F2E41 /* Resources */,
			);
			buildRules = (
			);
			dependencies = (
				AD8814791960EEBF005F2E41 /* PBXTargetDependency */,
			);
			name = iOSSwiftOpenGLTests;
			productName = iOSSwiftOpenGLTests;
			productReference = AD8814771960EEBF005F2E41 /* iOSSwiftOpenGLTests.xctest */;
			productType = "com.apple.product-type.bundle.unit-test";
		};
/* End PBXNativeTarget section */

/* Begin PBXProject section */
		AD88145A1960EEBF005F2E41 /* Project object */ = {
			isa = PBXProject;
			attributes = {
				LastUpgradeCheck = 0600;
				ORGANIZATIONNAME = "Bradley Griffith";
				TargetAttributes = {
					AD8814611960EEBF005F2E41 = {
						CreatedOnToolsVersion = 6.0;
					};
					AD8814761960EEBF005F2E41 = {
						CreatedOnToolsVersion = 6.0;
						LastSwiftMigration = 0830;
						TestTargetID = AD8814611960EEBF005F2E41;
					};
				};
			};
			buildConfigurationList = AD88145D1960EEBF005F2E41 /* Build configuration list for PBXProject "iOSSwiftOpenGL" */;
			compatibilityVersion = "Xcode 3.2";
			developmentRegion = English;
			hasScannedForEncodings = 0;
			knownRegions = (
				en,
				Base,
			);
			mainGroup = AD8814591960EEBF005F2E41;
			productRefGroup = AD8814631960EEBF005F2E41 /* Products */;
			projectDirPath = "";
			projectRoot = "";
			targets = (
				AD8814611960EEBF005F2E41 /* iOSSwiftOpenGL */,
				AD8814761960EEBF005F2E41 /* iOSSwiftOpenGLTests */,
			);
		};
/* End PBXProject section */

/* Begin PBXResourcesBuildPhase section */
		AD8814601960EEBF005F2E41 /* Resources */ = {
			isa = PBXResourcesBuildPhase;
			buildActionMask = 2147483647;
			files = (
				AD8814701960EEBF005F2E41 /* Main.storyboard in Resources */,
				AD88148E1960EFCE005F2E41 /* SimpleFragment.glsl in Resources */,
				AD8814721960EEBF005F2E41 /* Images.xcassets in Resources */,
				AD88148C1960EFBA005F2E41 /* SimpleVertex.glsl in Resources */,
			);
			runOnlyForDeploymentPostprocessing = 0;
		};
		AD8814751960EEBF005F2E41 /* Resources */ = {
			isa = PBXResourcesBuildPhase;
			buildActionMask = 2147483647;
			files = (
			);
			runOnlyForDeploymentPostprocessing = 0;
		};
/* End PBXResourcesBuildPhase section */

/* Begin PBXSourcesBuildPhase section */
		AD88145E1960EEBF005F2E41 /* Sources */ = {
			isa = PBXSourcesBuildPhase;
			buildActionMask = 2147483647;
			files = (
				AD8814901960F047005F2E41 /* Images.xcassets in Sources */,
				AD88146D1960EEBF005F2E41 /* ViewController.swift in Sources */,
				AD88146B1960EEBF005F2E41 /* iOSSwiftOpenGL.xcdatamodeld in Sources */,
				AD8814911960F27B005F2E41 /* OpenGLView.swift in Sources */,
				AD8814681960EEBF005F2E41 /* AppDelegate.swift in Sources */,
			);
			runOnlyForDeploymentPostprocessing = 0;
		};
		AD8814731960EEBF005F2E41 /* Sources */ = {
			isa = PBXSourcesBuildPhase;
			buildActionMask = 2147483647;
			files = (
				AD88147E1960EEBF005F2E41 /* iOSSwiftOpenGLTests.swift in Sources */,
			);
			runOnlyForDeploymentPostprocessing = 0;
		};
/* End PBXSourcesBuildPhase section */

/* Begin PBXTargetDependency section */
		AD8814791960EEBF005F2E41 /* PBXTargetDependency */ = {
			isa = PBXTargetDependency;
			target = AD8814611960EEBF005F2E41 /* iOSSwiftOpenGL */;
			targetProxy = AD8814781960EEBF005F2E41 /* PBXContainerItemProxy */;
		};
/* End PBXTargetDependency section */

/* Begin PBXVariantGroup section */
		AD88146E1960EEBF005F2E41 /* Main.storyboard */ = {
			isa = PBXVariantGroup;
			children = (
				AD88146F1960EEBF005F2E41 /* Base */,
			);
			name = Main.storyboard;
			sourceTree = "<group>";
		};
/* End PBXVariantGroup section */

/* Begin XCBuildConfiguration section */
		AD88147F1960EEBF005F2E41 /* Debug */ = {
			isa = XCBuildConfiguration;
			buildSettings = {
				ALWAYS_SEARCH_USER_PATHS = NO;
				CLANG_CXX_LANGUAGE_STANDARD = "gnu++0x";
				CLANG_CXX_LIBRARY = "libc++";
				CLANG_ENABLE_MODULES = YES;
				CLANG_ENABLE_OBJC_ARC = YES;
				CLANG_WARN_BOOL_CONVERSION = YES;
				CLANG_WARN_CONSTANT_CONVERSION = YES;
				CLANG_WARN_DIRECT_OBJC_ISA_USAGE = YES_ERROR;
				CLANG_WARN_EMPTY_BODY = YES;
				CLANG_WARN_ENUM_CONVERSION = YES;
				CLANG_WARN_INT_CONVERSION = YES;
				CLANG_WARN_OBJC_ROOT_CLASS = YES_ERROR;
				CLANG_WARN_UNREACHABLE_CODE = YES;
				CLANG_WARN__DUPLICATE_METHOD_MATCH = YES;
				"CODE_SIGN_IDENTITY[sdk=iphoneos*]" = "iPhone Developer";
				COPY_PHASE_STRIP = NO;
				ENABLE_STRICT_OBJC_MSGSEND = YES;
				GCC_C_LANGUAGE_STANDARD = gnu99;
				GCC_DYNAMIC_NO_PIC = NO;
				GCC_OPTIMIZATION_LEVEL = 0;
				GCC_PREPROCESSOR_DEFINITIONS = (
					"DEBUG=1",
					"$(inherited)",
				);
				GCC_SYMBOLS_PRIVATE_EXTERN = NO;
				GCC_WARN_64_TO_32_BIT_CONVERSION = YES;
				GCC_WARN_ABOUT_RETURN_TYPE = YES_ERROR;
				GCC_WARN_UNDECLARED_SELECTOR = YES;
				GCC_WARN_UNINITIALIZED_AUTOS = YES_AGGRESSIVE;
				GCC_WARN_UNUSED_FUNCTION = YES;
				GCC_WARN_UNUSED_VARIABLE = YES;
				IPHONEOS_DEPLOYMENT_TARGET = 8.0;
				METAL_ENABLE_DEBUG_INFO = YES;
				ONLY_ACTIVE_ARCH = YES;
				SDKROOT = iphoneos;
				SWIFT_OPTIMIZATION_LEVEL = "-Onone";
			};
			name = Debug;
		};
		AD8814801960EEBF005F2E41 /* Release */ = {
			isa = XCBuildConfiguration;
			buildSettings = {
				ALWAYS_SEARCH_USER_PATHS = NO;
				CLANG_CXX_LANGUAGE_STANDARD = "gnu++0x";
				CLANG_CXX_LIBRARY = "libc++";
				CLANG_ENABLE_MODULES = YES;
				CLANG_ENABLE_OBJC_ARC = YES;
				CLANG_WARN_BOOL_CONVERSION = YES;
				CLANG_WARN_CONSTANT_CONVERSION = YES;
				CLANG_WARN_DIRECT_OBJC_ISA_USAGE = YES_ERROR;
				CLANG_WARN_EMPTY_BODY = YES;
				CLANG_WARN_ENUM_CONVERSION = YES;
				CLANG_WARN_INT_CONVERSION = YES;
				CLANG_WARN_OBJC_ROOT_CLASS = YES_ERROR;
				CLANG_WARN_UNREACHABLE_CODE = YES;
				CLANG_WARN__DUPLICATE_METHOD_MATCH = YES;
				"CODE_SIGN_IDENTITY[sdk=iphoneos*]" = "iPhone Developer";
				COPY_PHASE_STRIP = YES;
				ENABLE_NS_ASSERTIONS = NO;
				ENABLE_STRICT_OBJC_MSGSEND = YES;
				GCC_C_LANGUAGE_STANDARD = gnu99;
				GCC_WARN_64_TO_32_BIT_CONVERSION = YES;
				GCC_WARN_ABOUT_RETURN_TYPE = YES_ERROR;
				GCC_WARN_UNDECLARED_SELECTOR = YES;
				GCC_WARN_UNINITIALIZED_AUTOS = YES_AGGRESSIVE;
				GCC_WARN_UNUSED_FUNCTION = YES;
				GCC_WARN_UNUSED_VARIABLE = YES;
				IPHONEOS_DEPLOYMENT_TARGET = 8.0;
				METAL_ENABLE_DEBUG_INFO = NO;
				SDKROOT = iphoneos;
				VALIDATE_PRODUCT = YES;
			};
			name = Release;
		};
		AD8814821960EEBF005F2E41 /* Debug */ = {
			isa = XCBuildConfiguration;
			buildSettings = {
				ASSETCATALOG_COMPILER_APPICON_NAME = AppIcon;
				ASSETCATALOG_COMPILER_LAUNCHIMAGE_NAME = LaunchImage;
				INFOPLIST_FILE = iOSSwiftOpenGL/Info.plist;
				LD_RUNPATH_SEARCH_PATHS = "$(inherited) @executable_path/Frameworks";
				PRODUCT_NAME = "$(TARGET_NAME)";
				SWIFT_VERSION = 3.0;
			};
			name = Debug;
		};
		AD8814831960EEBF005F2E41 /* Release */ = {
			isa = XCBuildConfiguration;
			buildSettings = {
				ASSETCATALOG_COMPILER_APPICON_NAME = AppIcon;
				ASSETCATALOG_COMPILER_LAUNCHIMAGE_NAME = LaunchImage;
				INFOPLIST_FILE = iOSSwiftOpenGL/Info.plist;
				LD_RUNPATH_SEARCH_PATHS = "$(inherited) @executable_path/Frameworks";
				PRODUCT_NAME = "$(TARGET_NAME)";
				SWIFT_VERSION = 3.0;
			};
			name = Release;
		};
		AD8814851960EEBF005F2E41 /* Debug */ = {
			isa = XCBuildConfiguration;
			buildSettings = {
				BUNDLE_LOADER = "$(BUILT_PRODUCTS_DIR)/iOSSwiftOpenGL.app/iOSSwiftOpenGL";
				FRAMEWORK_SEARCH_PATHS = (
					"$(SDKROOT)/Developer/Library/Frameworks",
					"$(inherited)",
				);
				GCC_PREPROCESSOR_DEFINITIONS = (
					"DEBUG=1",
					"$(inherited)",
				);
				INFOPLIST_FILE = iOSSwiftOpenGLTests/Info.plist;
				LD_RUNPATH_SEARCH_PATHS = "$(inherited) @executable_path/Frameworks @loader_path/Frameworks";
				METAL_ENABLE_DEBUG_INFO = YES;
				PRODUCT_NAME = "$(TARGET_NAME)";
				SWIFT_VERSION = 3.0;
				TEST_HOST = "$(BUNDLE_LOADER)";
			};
			name = Debug;
		};
		AD8814861960EEBF005F2E41 /* Release */ = {
			isa = XCBuildConfiguration;
			buildSettings = {
				BUNDLE_LOADER = "$(BUILT_PRODUCTS_DIR)/iOSSwiftOpenGL.app/iOSSwiftOpenGL";
				FRAMEWORK_SEARCH_PATHS = (
					"$(SDKROOT)/Developer/Library/Frameworks",
					"$(inherited)",
				);
				INFOPLIST_FILE = iOSSwiftOpenGLTests/Info.plist;
				LD_RUNPATH_SEARCH_PATHS = "$(inherited) @executable_path/Frameworks @loader_path/Frameworks";
				METAL_ENABLE_DEBUG_INFO = NO;
				PRODUCT_NAME = "$(TARGET_NAME)";
				SWIFT_VERSION = 3.0;
				TEST_HOST = "$(BUNDLE_LOADER)";
			};
			name = Release;
		};
/* End XCBuildConfiguration section */

/* Begin XCConfigurationList section */
		AD88145D1960EEBF005F2E41 /* Build configuration list for PBXProject "iOSSwiftOpenGL" */ = {
			isa = XCConfigurationList;
			buildConfigurations = (
				AD88147F1960EEBF005F2E41 /* Debug */,
				AD8814801960EEBF005F2E41 /* Release */,
			);
			defaultConfigurationIsVisible = 0;
			defaultConfigurationName = Release;
		};
		AD8814811960EEBF005F2E41 /* Build configuration list for PBXNativeTarget "iOSSwiftOpenGL" */ = {
			isa = XCConfigurationList;
			buildConfigurations = (
				AD8814821960EEBF005F2E41 /* Debug */,
				AD8814831960EEBF005F2E41 /* Release */,
			);
			defaultConfigurationIsVisible = 0;
			defaultConfigurationName = Release;
		};
		AD8814841960EEBF005F2E41 /* Build configuration list for PBXNativeTarget "iOSSwiftOpenGLTests" */ = {
			isa = XCConfigurationList;
			buildConfigurations = (
				AD8814851960EEBF005F2E41 /* Debug */,
				AD8814861960EEBF005F2E41 /* Release */,
			);
			defaultConfigurationIsVisible = 0;
			defaultConfigurationName = Release;
		};
/* End XCConfigurationList section */

/* Begin XCVersionGroup section */
		AD8814691960EEBF005F2E41 /* iOSSwiftOpenGL.xcdatamodeld */ = {
			isa = XCVersionGroup;
			children = (
				AD88146A1960EEBF005F2E41 /* iOSSwiftOpenGL.xcdatamodel */,
			);
			currentVersion = AD88146A1960EEBF005F2E41 /* iOSSwiftOpenGL.xcdatamodel */;
			path = iOSSwiftOpenGL.xcdatamodeld;
			sourceTree = "<group>";
			versionGroupType = wrapper.xcdatamodel;
		};
/* End XCVersionGroup section */
	};
	rootObject = AD88145A1960EEBF005F2E41 /* Project object */;
}
